{
  "name": "consumer",
  "version": "1.0.0",
  "lockfileVersion": 3,
  "requires": true,
  "packages": {
    "": {
      "name": "consumer",
      "version": "1.0.0",
      "license": "ISC",
      "dependencies": {
        "@mizs/hi": "^0.0.2"
      }
    },
    "node_modules/@mizs/hi": {
      "version": "0.0.2",
      "resolved": "https://registry.npmjs.org/@mizs/hi/-/hi-0.0.2.tgz",
      "integrity": "sha512-VYB/hWDGLk+y9zJbQ8O5dYrjeWltArzbSuK/pVVepoNpwzpV+BWIH8B0i/24FBsGfa8u0L4l0VFUCaPBOdZ4zA==",
      "bin": {
        "say-hi": "cli.js",
        "say-hi-kr": "cli.js"
      }
    }
  }
}
